
Microsoft Visual Studio Solution File, Format Version 12.00
# Visual Studio Version 16
VisualStudioVersion = 16.0.33801.447
MinimumVisualStudioVersion = 10.0.40219.1
Project("{9A19103F-16F7-4668-BE54-9A1E7A4F7556}") = "Test", "Test.csproj", "{7F6DEE5D-A07B-425D-BCD1-082C22EDFED3}"
EndProject
Global
	GlobalSection(SolutionConfigurationPlatforms) = preSolution
		Debug|Any CPU = Debug|Any CPU
		Release|Any CPU = Release|Any CPU
	EndGlobalSection
	GlobalSection(ProjectConfigurationPlatforms) = postSolution
		{7F6DEE5D-A07B-425D-BCD1-082C22EDFED3}.Debug|Any CPU.ActiveCfg = Debug|Any CPU
		{7F6DEE5D-A07B-425D-BCD1-082C22EDFED3}.Debug|Any CPU.Build.0 = Debug|Any CPU
		{7F6DEE5D-A07B-425D-BCD1-082C22EDFED3}.Release|Any CPU.ActiveCfg = Release|Any CPU
		{7F6DEE5D-A07B-425D-BCD1-082C22EDFED3}.Release|Any CPU.Build.0 = Release|Any CPU
	EndGlobalSection
	GlobalSection(SolutionProperties) = preSolution
		HideSolutionNode = FALSE
	EndGlobalSection
	GlobalSection(ExtensibilityGlobals) = postSolution
		SolutionGuid = {650F967B-1A71-4D1B-A304-1143ACC8AF2D}
	EndGlobalSection
EndGlobal
